
Microsoft Visual Studio Solution File, Format Version 12.00
# Visual Studio Version 17
VisualStudioVersion = 17.2.32526.322
MinimumVisualStudioVersion = 10.0.40219.1
Project("{87B7CE5C-903A-4371-8B4D-154367670711}") = "fmp-xtc-videosee-lib-mvcs", "fmp-xtc-videosee-lib-mvcs\fmp-xtc-videosee-lib-mvcs.csproj", "{ED50029A-7765-4629-AF89-4B01F6D84F96}"
EndProject
Project("{87B7CE5C-903A-4371-8B4D-154367670711}") = "fmp-xtc-videosee-lib-mvcs_Test", "fmp-xtc-videosee-lib-mvcs_Test\fmp-xtc-videosee-lib-mvcs_Test.csproj", "{72FF1EDB-9C1E-4BF0-9858-43FA93C9F910}"
EndProject
Project("{87B7CE5C-903A-4371-8B4D-154367670711}") = "fmp-xtc-videosee-lib-proto", "fmp-xtc-videosee-lib-proto\fmp-xtc-videosee-lib-proto.csproj", "{E64D37A7-1439-4F63-9008-4B81DB15FFA7}"
EndProject
Project("{87B7CE5C-903A-4371-8B4D-154367670711}") = "fmp-xtc-videosee-lib-bridge", "fmp-xtc-videosee-lib-bridge\fmp-xtc-videosee-lib-bridge.csproj", "{D6E09B75-7639-4F21-84A3-3A25CD927A4A}"
EndProject
Project("{87B7CE5C-903A-4371-8B4D-154367670711}") = "fmp-xtc-videosee-lib-razor", "fmp-xtc-videosee-lib-razor\fmp-xtc-videosee-lib-razor.csproj", "{FFBBF088-D80B-4C0D-B43A-A8BED53FC252}"
EndProject
Project("{87B7CE5C-903A-4371-8B4D-154367670711}") = "fmp-xtc-videosee-service-grpc", "fmp-xtc-videosee-service-grpc\fmp-xtc-videosee-service-grpc.csproj", "{F7FF0353-1C03-4F84-ABA1-67E8965372C3}"
EndProject
Project("{87B7CE5C-903A-4371-8B4D-154367670711}") = "fmp-xtc-videosee-service-grpc_Test", "fmp-xtc-videosee-service-grpc_Test\fmp-xtc-videosee-service-grpc_Test.csproj", "{8F7DF31D-64D7-4299-978E-22C6DDF835FB}"
EndProject
Project("{87B7CE5C-903A-4371-8B4D-154367670711}") = "fmp-xtc-videosee-web-blazor", "fmp-xtc-videosee-web-blazor\fmp-xtc-videosee-web-blazor.csproj", "{105FCE35-C69C-4B93-BFBD-05CD6DCE044E}"
EndProject
Global
	GlobalSection(SolutionConfigurationPlatforms) = preSolution
		Debug|Any CPU = Debug|Any CPU
		Release|Any CPU = Release|Any CPU
	EndGlobalSection
	GlobalSection(ProjectConfigurationPlatforms) = postSolution
                {ED50029A-7765-4629-AF89-4B01F6D84F96}.Debug|Any CPU.ActiveCfg = Debug|Any CPU
		{ED50029A-7765-4629-AF89-4B01F6D84F96}.Debug|Any CPU.Build.0 = Debug|Any CPU
		{ED50029A-7765-4629-AF89-4B01F6D84F96}.Release|Any CPU.ActiveCfg = Release|Any CPU
		{ED50029A-7765-4629-AF89-4B01F6D84F96}.Release|Any CPU.Build.0 = Release|Any CPU
		{72FF1EDB-9C1E-4BF0-9858-43FA93C9F910}.Debug|Any CPU.ActiveCfg = Debug|Any CPU
		{72FF1EDB-9C1E-4BF0-9858-43FA93C9F910}.Debug|Any CPU.Build.0 = Debug|Any CPU
		{72FF1EDB-9C1E-4BF0-9858-43FA93C9F910}.Release|Any CPU.ActiveCfg = Release|Any CPU
		{72FF1EDB-9C1E-4BF0-9858-43FA93C9F910}.Release|Any CPU.Build.0 = Release|Any CPU
		{E64D37A7-1439-4F63-9008-4B81DB15FFA7}.Debug|Any CPU.ActiveCfg = Debug|Any CPU
		{E64D37A7-1439-4F63-9008-4B81DB15FFA7}.Debug|Any CPU.Build.0 = Debug|Any CPU
		{E64D37A7-1439-4F63-9008-4B81DB15FFA7}.Release|Any CPU.ActiveCfg = Release|Any CPU
		{E64D37A7-1439-4F63-9008-4B81DB15FFA7}.Release|Any CPU.Build.0 = Release|Any CPU
		{F7FF0353-1C03-4F84-ABA1-67E8965372C3}.Debug|Any CPU.ActiveCfg = Debug|Any CPU
		{F7FF0353-1C03-4F84-ABA1-67E8965372C3}.Debug|Any CPU.Build.0 = Debug|Any CPU
		{F7FF0353-1C03-4F84-ABA1-67E8965372C3}.Release|Any CPU.ActiveCfg = Release|Any CPU
		{F7FF0353-1C03-4F84-ABA1-67E8965372C3}.Release|Any CPU.Build.0 = Release|Any CPU
		{D6E09B75-7639-4F21-84A3-3A25CD927A4A}.Debug|Any CPU.ActiveCfg = Debug|Any CPU
		{D6E09B75-7639-4F21-84A3-3A25CD927A4A}.Debug|Any CPU.Build.0 = Debug|Any CPU
		{D6E09B75-7639-4F21-84A3-3A25CD927A4A}.Release|Any CPU.ActiveCfg = Release|Any CPU
		{D6E09B75-7639-4F21-84A3-3A25CD927A4A}.Release|Any CPU.Build.0 = Release|Any CPU
		{105FCE35-C69C-4B93-BFBD-05CD6DCE044E}.Debug|Any CPU.ActiveCfg = Debug|Any CPU
		{105FCE35-C69C-4B93-BFBD-05CD6DCE044E}.Debug|Any CPU.Build.0 = Debug|Any CPU
		{105FCE35-C69C-4B93-BFBD-05CD6DCE044E}.Release|Any CPU.ActiveCfg = Release|Any CPU
		{105FCE35-C69C-4B93-BFBD-05CD6DCE044E}.Release|Any CPU.Build.0 = Release|Any CPU
		{FFBBF088-D80B-4C0D-B43A-A8BED53FC252}.Debug|Any CPU.ActiveCfg = Debug|Any CPU
		{FFBBF088-D80B-4C0D-B43A-A8BED53FC252}.Debug|Any CPU.Build.0 = Debug|Any CPU
		{FFBBF088-D80B-4C0D-B43A-A8BED53FC252}.Release|Any CPU.ActiveCfg = Release|Any CPU
		{FFBBF088-D80B-4C0D-B43A-A8BED53FC252}.Release|Any CPU.Build.0 = Release|Any CPU
		{8F7DF31D-64D7-4299-978E-22C6DDF835FB}.Debug|Any CPU.ActiveCfg = Debug|Any CPU
		{8F7DF31D-64D7-4299-978E-22C6DDF835FB}.Debug|Any CPU.Build.0 = Debug|Any CPU
		{8F7DF31D-64D7-4299-978E-22C6DDF835FB}.Release|Any CPU.ActiveCfg = Release|Any CPU
		{8F7DF31D-64D7-4299-978E-22C6DDF835FB}.Release|Any CPU.Build.0 = Release|Any CPU
	EndGlobalSection
	GlobalSection(SolutionProperties) = preSolution
		HideSolutionNode = FALSE
	EndGlobalSection
	GlobalSection(ExtensibilityGlobals) = postSolution
		SolutionGuid = {87B7CE5C-903A-4371-8B4D-154367670711}
	EndGlobalSection
EndGlobal
